
Microsoft Visual Studio Solution File, Format Version 12.00
# Visual Studio Version 17
VisualStudioVersion = 17.14.36804.6
MinimumVisualStudioVersion = 10.0.40219.1
Project("{FAE04EC0-301F-11D3-BF4B-00C04F79EFBC}") = "laba7", "laba7.csproj", "{0A5CEB75-246F-4E62-A760-5975F903B643}"
EndProject
Project("{FAE04EC0-301F-11D3-BF4B-00C04F79EFBC}") = "laba7Tests", "..\laba7Tests\laba7Tests.csproj", "{F73ABE3C-2B48-4BB9-B8EA-D640AB278170}"
EndProject
Global
	GlobalSection(SolutionConfigurationPlatforms) = preSolution
		Debug|Any CPU = Debug|Any CPU
		Release|Any CPU = Release|Any CPU
	EndGlobalSection
	GlobalSection(ProjectConfigurationPlatforms) = postSolution
		{0A5CEB75-246F-4E62-A760-5975F903B643}.Debug|Any CPU.ActiveCfg = Debug|Any CPU
		{0A5CEB75-246F-4E62-A760-5975F903B643}.Debug|Any CPU.Build.0 = Debug|Any CPU
		{0A5CEB75-246F-4E62-A760-5975F903B643}.Release|Any CPU.ActiveCfg = Release|Any CPU
		{0A5CEB75-246F-4E62-A760-5975F903B643}.Release|Any CPU.Build.0 = Release|Any CPU
		{F73ABE3C-2B48-4BB9-B8EA-D640AB278170}.Debug|Any CPU.ActiveCfg = Debug|Any CPU
		{F73ABE3C-2B48-4BB9-B8EA-D640AB278170}.Debug|Any CPU.Build.0 = Debug|Any CPU
		{F73ABE3C-2B48-4BB9-B8EA-D640AB278170}.Release|Any CPU.ActiveCfg = Release|Any CPU
		{F73ABE3C-2B48-4BB9-B8EA-D640AB278170}.Release|Any CPU.Build.0 = Release|Any CPU
	EndGlobalSection
	GlobalSection(SolutionProperties) = preSolution
		HideSolutionNode = FALSE
	EndGlobalSection
	GlobalSection(ExtensibilityGlobals) = postSolution
		SolutionGuid = {061038B2-E657-43D9-A19F-295E84BDCC6B}
	EndGlobalSection
EndGlobal
